// !$*UTF8*$!
{
	archiveVersion = 1;
	classes = {
	};
	objectVersion = 46;
	objects = {

/* Begin PBXBuildFile section */
		7E3988521B9667C700BA3951 /* AppDelegate.swift in Sources */ = {isa = PBXBuildFile; fileRef = 7E3988511B9667C700BA3951 /* AppDelegate.swift */; };
		7E3988541B9667C700BA3951 /* ViewController.swift in Sources */ = {isa = PBXBuildFile; fileRef = 7E3988531B9667C700BA3951 /* ViewController.swift */; };
		7E3988571B9667C700BA3951 /* Main.storyboard in Resources */ = {isa = PBXBuildFile; fileRef = 7E3988551B9667C700BA3951 /* Main.storyboard */; };
		7E3988591B9667C700BA3951 /* Assets.xcassets in Resources */ = {isa = PBXBuildFile; fileRef = 7E3988581B9667C700BA3951 /* Assets.xcassets */; };
		7E39885C1B9667C700BA3951 /* LaunchScreen.storyboard in Resources */ = {isa = PBXBuildFile; fileRef = 7E39885A1B9667C700BA3951 /* LaunchScreen.storyboard */; };
		7E3988671B9667C700BA3951 /* HttpDemoAppTransportSecurityUITests.swift in Sources */ = {isa = PBXBuildFile; fileRef = 7E3988661B9667C700BA3951 /* HttpDemoAppTransportSecurityUITests.swift */; };
/* End PBXBuildFile section */

/* Begin PBXContainerItemProxy section */
		7E3988631B9667C700BA3951 /* PBXContainerItemProxy */ = {
			isa = PBXContainerItemProxy;
			containerPortal = 7E3988461B9667C700BA3951 /* Project object */;
			proxyType = 1;
			remoteGlobalIDString = 7E39884D1B9667C700BA3951;
			remoteInfo = HttpDemoAppTransportSecurity;
		};
/* End PBXContainerItemProxy section */

/* Begin PBXFileReference section */
		7E39884E1B9667C700BA3951 /* HttpDemoAppTransportSecurity.app */ = {isa = PBXFileReference; explicitFileType = wrapper.application; includeInIndex = 0; path = HttpDemoAppTransportSecurity.app; sourceTree = BUILT_PRODUCTS_DIR; };
		7E3988511B9667C700BA3951 /* AppDelegate.swift */ = {isa = PBXFileReference; lastKnownFileType = sourcecode.swift; path = AppDelegate.swift; sourceTree = "<group>"; };
		7E3988531B9667C700BA3951 /* ViewController.swift */ = {isa = PBXFileReference; lastKnownFileType = sourcecode.swift; path = ViewController.swift; sourceTree = "<group>"; };
		7E3988561B9667C700BA3951 /* Base */ = {isa = PBXFileReference; lastKnownFileType = file.storyboard; name = Base; path = Base.lproj/Main.storyboard; sourceTree = "<group>"; };
		7E3988581B9667C700BA3951 /* Assets.xcassets */ = {isa = PBXFileReference; lastKnownFileType = folder.assetcatalog; path = Assets.xcassets; sourceTree = "<group>"; };
		7E39885B1B9667C700BA3951 /* Base */ = {isa = PBXFileReference; lastKnownFileType = file.storyboard; name = Base; path = Base.lproj/LaunchScreen.storyboard; sourceTree = "<group>"; };
		7E39885D1B9667C700BA3951 /* Info.plist */ = {isa = PBXFileReference; lastKnownFileType = text.plist.xml; path = Info.plist; sourceTree = "<group>"; };
		7E3988621B9667C700BA3951 /* HttpDemoAppTransportSecurityUITests.xctest */ = {isa = PBXFileReference; explicitFileType = wrapper.cfbundle; includeInIndex = 0; path = HttpDemoAppTransportSecurityUITests.xctest; sourceTree = BUILT_PRODUCTS_DIR; };
		7E3988661B9667C700BA3951 /* HttpDemoAppTransportSecurityUITests.swift */ = {isa = PBXFileReference; lastKnownFileType = sourcecode.swift; path = HttpDemoAppTransportSecurityUITests.swift; sourceTree = "<group>"; };
		7E3988681B9667C700BA3951 /* Info.plist */ = {isa = PBXFileReference; lastKnownFileType = text.plist.xml; path = Info.plist; sourceTree = "<group>"; };
/* End PBXFileReference section */

/* Begin PBXFrameworksBuildPhase section */
		7E39884B1B9667C700BA3951 /* Frameworks */ = {
			isa = PBXFrameworksBuildPhase;
			buildActionMask = 2147483647;
			files = (
			);
			runOnlyForDeploymentPostprocessing = 0;
		};
		7E39885F1B9667C700BA3951 /* Frameworks */ = {
			isa = PBXFrameworksBuildPhase;
			buildActionMask = 2147483647;
			files = (
			);
			runOnlyForDeploymentPostprocessing = 0;
		};
/* End PBXFrameworksBuildPhase section */

/* Begin PBXGroup section */
		7E3988451B9667C700BA3951 = {
			isa = PBXGroup;
			children = (
				7E3988501B9667C700BA3951 /* HttpDemoAppTransportSecurity */,
				7E3988651B9667C700BA3951 /* HttpDemoAppTransportSecurityUITests */,
				7E39884F1B9667C700BA3951 /* Products */,
			);
			sourceTree = "<group>";
		};
		7E39884F1B9667C700BA3951 /* Products */ = {
			isa = PBXGroup;
			children = (
				7E39884E1B9667C700BA3951 /* HttpDemoAppTransportSecurity.app */,
				7E3988621B9667C700BA3951 /* HttpDemoAppTransportSecurityUITests.xctest */,
			);
			name = Products;
			sourceTree = "<group>";
		};
		7E3988501B9667C700BA3951 /* HttpDemoAppTransportSecurity */ = {
			isa = PBXGroup;
			children = (
				7E3988511B9667C700BA3951 /* AppDelegate.swift */,
				7E3988531B9667C700BA3951 /* ViewController.swift */,
				7E3988551B9667C700BA3951 /* Main.storyboard */,
				7E3988581B9667C700BA3951 /* Assets.xcassets */,
				7E39885A1B9667C700BA3951 /* LaunchScreen.storyboard */,
				7E39885D1B9667C700BA3951 /* Info.plist */,
			);
			path = HttpDemoAppTransportSecurity;
			sourceTree = "<group>";
		};
		7E3988651B9667C700BA3951 /* HttpDemoAppTransportSecurityUITests */ = {
			isa = PBXGroup;
			children = (
				7E3988661B9667C700BA3951 /* HttpDemoAppTransportSecurityUITests.swift */,
				7E3988681B9667C700BA3951 /* Info.plist */,
			);
			path = HttpDemoAppTransportSecurityUITests;
			sourceTree = "<group>";
		};
/* End PBXGroup section */

/* Begin PBXNativeTarget section */
		7E39884D1B9667C700BA3951 /* HttpDemoAppTransportSecurity */ = {
			isa = PBXNativeTarget;
			buildConfigurationList = 7E39886B1B9667C700BA3951 /* Build configuration list for PBXNativeTarget "HttpDemoAppTransportSecurity" */;
			buildPhases = (
				7E39884A1B9667C700BA3951 /* Sources */,
				7E39884B1B9667C700BA3951 /* Frameworks */,
				7E39884C1B9667C700BA3951 /* Resources */,
			);
			buildRules = (
			);
			dependencies = (
			);
			name = HttpDemoAppTransportSecurity;
			productName = HttpDemoAppTransportSecurity;
			productReference = 7E39884E1B9667C700BA3951 /* HttpDemoAppTransportSecurity.app */;
			productType = "com.apple.product-type.application";
		};
		7E3988611B9667C700BA3951 /* HttpDemoAppTransportSecurityUITests */ = {
			isa = PBXNativeTarget;
			buildConfigurationList = 7E39886E1B9667C700BA3951 /* Build configuration list for PBXNativeTarget "HttpDemoAppTransportSecurityUITests" */;
			buildPhases = (
				7E39885E1B9667C700BA3951 /* Sources */,
				7E39885F1B9667C700BA3951 /* Frameworks */,
				7E3988601B9667C700BA3951 /* Resources */,
			);
			buildRules = (
			);
			dependencies = (
				7E3988641B9667C700BA3951 /* PBXTargetDependency */,
			);
			name = HttpDemoAppTransportSecurityUITests;
			productName = HttpDemoAppTransportSecurityUITests;
			productReference = 7E3988621B9667C700BA3951 /* HttpDemoAppTransportSecurityUITests.xctest */;
			productType = "com.apple.product-type.bundle.ui-testing";
		};
/* End PBXNativeTarget section */

/* Begin PBXProject section */
		7E3988461B9667C700BA3951 /* Project object */ = {
			isa = PBXProject;
			attributes = {
				LastUpgradeCheck = 0700;
				ORGANIZATIONNAME = "Evgenii Neumerzhitckii";
				TargetAttributes = {
					7E39884D1B9667C700BA3951 = {
						CreatedOnToolsVersion = 7.0;
					};
					7E3988611B9667C700BA3951 = {
						CreatedOnToolsVersion = 7.0;
						TestTargetID = 7E39884D1B9667C700BA3951;
					};
				};
			};
			buildConfigurationList = 7E3988491B9667C700BA3951 /* Build configuration list for PBXProject "HttpDemoAppTransportSecurity" */;
			compatibilityVersion = "Xcode 3.2";
			developmentRegion = English;
			hasScannedForEncodings = 0;
			knownRegions = (
				en,
				Base,
			);
			mainGroup = 7E3988451B9667C700BA3951;
			productRefGroup = 7E39884F1B9667C700BA3951 /* Products */;
			projectDirPath = "";
			projectRoot = "";
			targets = (
				7E39884D1B9667C700BA3951 /* HttpDemoAppTransportSecurity */,
				7E3988611B9667C700BA3951 /* HttpDemoAppTransportSecurityUITests */,
			);
		};
/* End PBXProject section */

/* Begin PBXResourcesBuildPhase section */
		7E39884C1B9667C700BA3951 /* Resources */ = {
			isa = PBXResourcesBuildPhase;
			buildActionMask = 2147483647;
			files = (
				7E39885C1B9667C700BA3951 /* LaunchScreen.storyboard in Resources */,
				7E3988591B9667C700BA3951 /* Assets.xcassets in Resources */,
				7E3988571B9667C700BA3951 /* Main.storyboard in Resources */,
			);
			runOnlyForDeploymentPostprocessing = 0;
		};
		7E3988601B9667C700BA3951 /* Resources */ = {
			isa = PBXResourcesBuildPhase;
			buildActionMask = 2147483647;
			files = (
			);
			runOnlyForDeploymentPostprocessing = 0;
		};
/* End PBXResourcesBuildPhase section */

/* Begin PBXSourcesBuildPhase section */
		7E39884A1B9667C700BA3951 /* Sources */ = {
			isa = PBXSourcesBuildPhase;
			buildActionMask = 2147483647;
			files = (
				7E3988541B9667C700BA3951 /* ViewController.swift in Sources */,
				7E3988521B9667C700BA3951 /* AppDelegate.swift in Sources */,
			);
			runOnlyForDeploymentPostprocessing = 0;
		};
		7E39885E1B9667C700BA3951 /* Sources */ = {
			isa = PBXSourcesBuildPhase;
			buildActionMask = 2147483647;
			files = (
				7E3988671B9667C700BA3951 /* HttpDemoAppTransportSecurityUITests.swift in Sources */,
			);
			runOnlyForDeploymentPostprocessing = 0;
		};
/* End PBXSourcesBuildPhase section */

/* Begin PBXTargetDependency section */
		7E3988641B9667C700BA3951 /* PBXTargetDependency */ = {
			isa = PBXTargetDependency;
			target = 7E39884D1B9667C700BA3951 /* HttpDemoAppTransportSecurity */;
			targetProxy = 7E3988631B9667C700BA3951 /* PBXContainerItemProxy */;
		};
/* End PBXTargetDependency section */

/* Begin PBXVariantGroup section */
		7E3988551B9667C700BA3951 /* Main.storyboard */ = {
			isa = PBXVariantGroup;
			children = (
				7E3988561B9667C700BA3951 /* Base */,
			);
			name = Main.storyboard;
			sourceTree = "<group>";
		};
		7E39885A1B9667C700BA3951 /* LaunchScreen.storyboard */ = {
			isa = PBXVariantGroup;
			children = (
				7E39885B1B9667C700BA3951 /* Base */,
			);
			name = LaunchScreen.storyboard;
			sourceTree = "<group>";
		};
/* End PBXVariantGroup section */

/* Begin XCBuildConfiguration section */
		7E3988691B9667C700BA3951 /* Debug */ = {
			isa = XCBuildConfiguration;
			buildSettings = {
				ALWAYS_SEARCH_USER_PATHS = NO;
				CLANG_CXX_LANGUAGE_STANDARD = "gnu++0x";
				CLANG_CXX_LIBRARY = "libc++";
				CLANG_ENABLE_MODULES = YES;
				CLANG_ENABLE_OBJC_ARC = YES;
				CLANG_WARN_BOOL_CONVERSION = YES;
				CLANG_WARN_CONSTANT_CONVERSION = YES;
				CLANG_WARN_DIRECT_OBJC_ISA_USAGE = YES_ERROR;
				CLANG_WARN_EMPTY_BODY = YES;
				CLANG_WARN_ENUM_CONVERSION = YES;
				CLANG_WARN_INT_CONVERSION = YES;
				CLANG_WARN_OBJC_ROOT_CLASS = YES_ERROR;
				CLANG_WARN_UNREACHABLE_CODE = YES;
				CLANG_WARN__DUPLICATE_METHOD_MATCH = YES;
				"CODE_SIGN_IDENTITY[sdk=iphoneos*]" = "iPhone Developer";
				COPY_PHASE_STRIP = NO;
				DEBUG_INFORMATION_FORMAT = dwarf;
				ENABLE_STRICT_OBJC_MSGSEND = YES;
				ENABLE_TESTABILITY = YES;
				GCC_C_LANGUAGE_STANDARD = gnu99;
				GCC_DYNAMIC_NO_PIC = NO;
				GCC_NO_COMMON_BLOCKS = YES;
				GCC_OPTIMIZATION_LEVEL = 0;
				GCC_PREPROCESSOR_DEFINITIONS = (
					"DEBUG=1",
					"$(inherited)",
				);
				GCC_WARN_64_TO_32_BIT_CONVERSION = YES;
				GCC_WARN_ABOUT_RETURN_TYPE = YES_ERROR;
				GCC_WARN_UNDECLARED_SELECTOR = YES;
				GCC_WARN_UNINITIALIZED_AUTOS = YES_AGGRESSIVE;
				GCC_WARN_UNUSED_FUNCTION = YES;
				GCC_WARN_UNUSED_VARIABLE = YES;
				IPHONEOS_DEPLOYMENT_TARGET = 9.0;
				MTL_ENABLE_DEBUG_INFO = YES;
				ONLY_ACTIVE_ARCH = YES;
				SDKROOT = iphoneos;
				SWIFT_OPTIMIZATION_LEVEL = "-Onone";
				TARGETED_DEVICE_FAMILY = "1,2";
			};
			name = Debug;
		};
		7E39886A1B9667C700BA3951 /* Release */ = {
			isa = XCBuildConfiguration;
			buildSettings = {
				ALWAYS_SEARCH_USER_PATHS = NO;
				CLANG_CXX_LANGUAGE_STANDARD = "gnu++0x";
				CLANG_CXX_LIBRARY = "libc++";
				CLANG_ENABLE_MODULES = YES;
				CLANG_ENABLE_OBJC_ARC = YES;
				CLANG_WARN_BOOL_CONVERSION = YES;
				CLANG_WARN_CONSTANT_CONVERSION = YES;
				CLANG_WARN_DIRECT_OBJC_ISA_USAGE = YES_ERROR;
				CLANG_WARN_EMPTY_BODY = YES;
				CLANG_WARN_ENUM_CONVERSION = YES;
				CLANG_WARN_INT_CONVERSION = YES;
				CLANG_WARN_OBJC_ROOT_CLASS = YES_ERROR;
				CLANG_WARN_UNREACHABLE_CODE = YES;
				CLANG_WARN__DUPLICATE_METHOD_MATCH = YES;
				"CODE_SIGN_IDENTITY[sdk=iphoneos*]" = "iPhone Developer";
				COPY_PHASE_STRIP = NO;
				DEBUG_INFORMATION_FORMAT = "dwarf-with-dsym";
				ENABLE_NS_ASSERTIONS = NO;
				ENABLE_STRICT_OBJC_MSGSEND = YES;
				GCC_C_LANGUAGE_STANDARD = gnu99;
				GCC_NO_COMMON_BLOCKS = YES;
				GCC_WARN_64_TO_32_BIT_CONVERSION = YES;
				GCC_WARN_ABOUT_RETURN_TYPE = YES_ERROR;
				GCC_WARN_UNDECLARED_SELECTOR = YES;
				GCC_WARN_UNINITIALIZED_AUTOS = YES_AGGRESSIVE;
				GCC_WARN_UNUSED_FUNCTION = YES;
				GCC_WARN_UNUSED_VARIABLE = YES;
				IPHONEOS_DEPLOYMENT_TARGET = 9.0;
				MTL_ENABLE_DEBUG_INFO = NO;
				SDKROOT = iphoneos;
				TARGETED_DEVICE_FAMILY = "1,2";
				VALIDATE_PRODUCT = YES;
			};
			name = Release;
		};
		7E39886C1B9667C700BA3951 /* Debug */ = {
			isa = XCBuildConfiguration;
			buildSettings = {
				ASSETCATALOG_COMPILER_APPICON_NAME = AppIcon;
				INFOPLIST_FILE = HttpDemoAppTransportSecurity/Info.plist;
				LD_RUNPATH_SEARCH_PATHS = "$(inherited) @executable_path/Frameworks";
				PRODUCT_BUNDLE_IDENTIFIER = com.evgenii.HttpDemoAppTransportSecurity;
				PRODUCT_NAME = "$(TARGET_NAME)";
			};
			name = Debug;
		};
		7E39886D1B9667C700BA3951 /* Release */ = {
			isa = XCBuildConfiguration;
			buildSettings = {
				ASSETCATALOG_COMPILER_APPICON_NAME = AppIcon;
				INFOPLIST_FILE = HttpDemoAppTransportSecurity/Info.plist;
				LD_RUNPATH_SEARCH_PATHS = "$(inherited) @executable_path/Frameworks";
				PRODUCT_BUNDLE_IDENTIFIER = com.evgenii.HttpDemoAppTransportSecurity;
				PRODUCT_NAME = "$(TARGET_NAME)";
			};
			name = Release;
		};
		7E39886F1B9667C700BA3951 /* Debug */ = {
			isa = XCBuildConfiguration;
			buildSettings = {
				INFOPLIST_FILE = HttpDemoAppTransportSecurityUITests/Info.plist;
				LD_RUNPATH_SEARCH_PATHS = "$(inherited) @executable_path/Frameworks @loader_path/Frameworks";
				PRODUCT_BUNDLE_IDENTIFIER = com.evgenii.HttpDemoAppTransportSecurityUITests;
				PRODUCT_NAME = "$(TARGET_NAME)";
				TEST_TARGET_NAME = HttpDemoAppTransportSecurity;
				USES_XCTRUNNER = YES;
			};
			name = Debug;
		};
		7E3988701B9667C700BA3951 /* Release */ = {
			isa = XCBuildConfiguration;
			buildSettings = {
				INFOPLIST_FILE = HttpDemoAppTransportSecurityUITests/Info.plist;
				LD_RUNPATH_SEARCH_PATHS = "$(inherited) @executable_path/Frameworks @loader_path/Frameworks";
				PRODUCT_BUNDLE_IDENTIFIER = com.evgenii.HttpDemoAppTransportSecurityUITests;
				PRODUCT_NAME = "$(TARGET_NAME)";
				TEST_TARGET_NAME = HttpDemoAppTransportSecurity;
				USES_XCTRUNNER = YES;
			};
			name = Release;
		};
/* End XCBuildConfiguration section */

/* Begin XCConfigurationList section */
		7E3988491B9667C700BA3951 /* Build configuration list for PBXProject "HttpDemoAppTransportSecurity" */ = {
			isa = XCConfigurationList;
			buildConfigurations = (
				7E3988691B9667C700BA3951 /* Debug */,
				7E39886A1B9667C700BA3951 /* Release */,
			);
			defaultConfigurationIsVisible = 0;
			defaultConfigurationName = Release;
		};
		7E39886B1B9667C700BA3951 /* Build configuration list for PBXNativeTarget "HttpDemoAppTransportSecurity" */ = {
			isa = XCConfigurationList;
			buildConfigurations = (
				7E39886C1B9667C700BA3951 /* Debug */,
				7E39886D1B9667C700BA3951 /* Release */,
			);
			defaultConfigurationIsVisible = 0;
		};
		7E39886E1B9667C700BA3951 /* Build configuration list for PBXNativeTarget "HttpDemoAppTransportSecurityUITests" */ = {
			isa = XCConfigurationList;
			buildConfigurations = (
				7E39886F1B9667C700BA3951 /* Debug */,
				7E3988701B9667C700BA3951 /* Release */,
			);
			defaultConfigurationIsVisible = 0;
		};
/* End XCConfigurationList section */
	};
	rootObject = 7E3988461B9667C700BA3951 /* Project object */;
}
